<?xml version="1.0" encoding="utf-8"?>
<Project ToolsVersion="4.0" xmlns="http://schemas.microsoft.com/developer/msbuild/2003">
  <ItemGroup>
    <Filter Include="소스 파일">
      <UniqueIdentifier>{4FC737F1-C7A5-4376-A066-2A32D752A2FF}</UniqueIdentifier>
      <Extensions>cpp;c;cc;cxx;def;odl;idl;hpj;bat;asm;asmx</Extensions>
    </Filter>
    <Filter Include="헤더 파일">
      <UniqueIdentifier>{93995380-89BD-4b04-88EB-625FBE52EBFB}</UniqueIdentifier>
      <Extensions>h;hh;hpp;hxx;hm;inl;inc;xsd</Extensions>
    </Filter>
    <Filter Include="리소스 파일">
      <UniqueIdentifier>{67DA6AB6-F800-4c08-8B7A-83BB121AAD01}</UniqueIdentifier>
      <Extensions>rc;ico;cur;bmp;dlg;rc2;rct;bin;rgs;gif;jpg;jpeg;jpe;resx;tiff;tif;png;wav;mfcribbon-ms</Extensions>
    </Filter>
    <Filter Include="소스 파일\cMatrix">
      <UniqueIdentifier>{79456877-e89e-4ee0-9551-3a7ab1dab412}</UniqueIdentifier>
    </Filter>
    <Filter Include="소스 파일\cVector">
      <UniqueIdentifier>{121174a5-8629-4cae-aba6-41de2bec241a}</UniqueIdentifier>
    </Filter>
    <Filter Include="소스 파일\cMainGame">
      <UniqueIdentifier>{f0089a5a-03e9-4738-91e2-f51b42f7a9e5}</UniqueIdentifier>
    </Filter>
  </ItemGroup>
  <ItemGroup>
    <Text Include="ReadMe.txt" />
  </ItemGroup>
  <ItemGroup>
    <ClInclude Include="stdafx.h">
      <Filter>헤더 파일</Filter>
    </ClInclude>
    <ClInclude Include="targetver.h">
      <Filter>헤더 파일</Filter>
    </ClInclude>
    <ClInclude Include="Resource.h">
      <Filter>헤더 파일</Filter>
    </ClInclude>
    <ClInclude Include="Cube_t.h">
      <Filter>헤더 파일</Filter>
    </ClInclude>
    <ClInclude Include="cMatrix.h">
      <Filter>소스 파일\cMatrix</Filter>
    </ClInclude>
    <ClInclude Include="cVector3.h">
      <Filter>소스 파일\cVector</Filter>
    </ClInclude>
    <ClInclude Include="cMainGame.h">
      <Filter>소스 파일\cMainGame</Filter>
    </ClInclude>
  </ItemGroup>
  <ItemGroup>
    <ClCompile Include="stdafx.cpp">
      <Filter>소스 파일</Filter>
    </ClCompile>
    <ClCompile Include="Cube_t.cpp">
      <Filter>소스 파일</Filter>
    </ClCompile>
    <ClCompile Include="cMatrix.cpp">
      <Filter>소스 파일\cMatrix</Filter>
    </ClCompile>
    <ClCompile Include="cVector3.cpp">
      <Filter>소스 파일\cVector</Filter>
    </ClCompile>
    <ClCompile Include="cMainGame.cpp">
      <Filter>소스 파일\cMainGame</Filter>
    </ClCompile>
  </ItemGroup>
  <ItemGroup>
    <ResourceCompile Include="Cube_t.rc">
      <Filter>리소스 파일</Filter>
    </ResourceCompile>
  </ItemGroup>
  <ItemGroup>
    <Image Include="small.ico">
      <Filter>리소스 파일</Filter>
    </Image>
    <Image Include="Cube_t.ico">
      <Filter>리소스 파일</Filter>
    </Image>
  </ItemGroup>
</Project>